
Microsoft Visual Studio Solution File, Format Version 12.00
# Visual Studio Version 17
VisualStudioVersion = 17.1.32228.430
MinimumVisualStudioVersion = 10.0.40219.1
Project("{9A19103F-16F7-4668-BE54-9A1E7A4F7556}") = "NZHotel.Entities", "NZHotel.Entities\NZHotel.Entities.csproj", "{0D46C3D3-BAC8-4132-9E30-315C54A32C54}"
EndProject
Project("{9A19103F-16F7-4668-BE54-9A1E7A4F7556}") = "NZHotel.DataAccess", "NZHotel.DataAccess\NZHotel.DataAccess.csproj", "{0176F2CA-2569-414D-AA55-22A4707FE708}"
EndProject
Project("{9A19103F-16F7-4668-BE54-9A1E7A4F7556}") = "NZHotel.Business", "NZHotel.Business\NZHotel.Business.csproj", "{10986048-334F-4400-8DB0-EC1E624B46AD}"
EndProject
Project("{9A19103F-16F7-4668-BE54-9A1E7A4F7556}") = "NZHotel.DTOs", "NZHotel.DTOs\NZHotel.DTOs.csproj", "{07A637B7-60A7-4829-B4AC-BA1B7FB7C47F}"
EndProject
Project("{9A19103F-16F7-4668-BE54-9A1E7A4F7556}") = "NZHotel.UI", "NZHotel.UI\NZHotel.UI.csproj", "{481A69E7-F24C-4A25-B0A7-979CAEE6409B}"
EndProject
Project("{9A19103F-16F7-4668-BE54-9A1E7A4F7556}") = "NZHotel.Common", "NZHotel.Common\NZHotel.Common.csproj", "{E739E596-CFEF-4830-A87A-BD83AD8ACD7A}"
EndProject
Global
	GlobalSection(SolutionConfigurationPlatforms) = preSolution
		Debug|Any CPU = Debug|Any CPU
		Release|Any CPU = Release|Any CPU
	EndGlobalSection
	GlobalSection(ProjectConfigurationPlatforms) = postSolution
		{0D46C3D3-BAC8-4132-9E30-315C54A32C54}.Debug|Any CPU.ActiveCfg = Debug|Any CPU
		{0D46C3D3-BAC8-4132-9E30-315C54A32C54}.Debug|Any CPU.Build.0 = Debug|Any CPU
		{0D46C3D3-BAC8-4132-9E30-315C54A32C54}.Release|Any CPU.ActiveCfg = Release|Any CPU
		{0D46C3D3-BAC8-4132-9E30-315C54A32C54}.Release|Any CPU.Build.0 = Release|Any CPU
		{0176F2CA-2569-414D-AA55-22A4707FE708}.Debug|Any CPU.ActiveCfg = Debug|Any CPU
		{0176F2CA-2569-414D-AA55-22A4707FE708}.Debug|Any CPU.Build.0 = Debug|Any CPU
		{0176F2CA-2569-414D-AA55-22A4707FE708}.Release|Any CPU.ActiveCfg = Release|Any CPU
		{0176F2CA-2569-414D-AA55-22A4707FE708}.Release|Any CPU.Build.0 = Release|Any CPU
		{10986048-334F-4400-8DB0-EC1E624B46AD}.Debug|Any CPU.ActiveCfg = Debug|Any CPU
		{10986048-334F-4400-8DB0-EC1E624B46AD}.Debug|Any CPU.Build.0 = Debug|Any CPU
		{10986048-334F-4400-8DB0-EC1E624B46AD}.Release|Any CPU.ActiveCfg = Release|Any CPU
		{10986048-334F-4400-8DB0-EC1E624B46AD}.Release|Any CPU.Build.0 = Release|Any CPU
		{07A637B7-60A7-4829-B4AC-BA1B7FB7C47F}.Debug|Any CPU.ActiveCfg = Debug|Any CPU
		{07A637B7-60A7-4829-B4AC-BA1B7FB7C47F}.Debug|Any CPU.Build.0 = Debug|Any CPU
		{07A637B7-60A7-4829-B4AC-BA1B7FB7C47F}.Release|Any CPU.ActiveCfg = Release|Any CPU
		{07A637B7-60A7-4829-B4AC-BA1B7FB7C47F}.Release|Any CPU.Build.0 = Release|Any CPU
		{481A69E7-F24C-4A25-B0A7-979CAEE6409B}.Debug|Any CPU.ActiveCfg = Debug|Any CPU
		{481A69E7-F24C-4A25-B0A7-979CAEE6409B}.Debug|Any CPU.Build.0 = Debug|Any CPU
		{481A69E7-F24C-4A25-B0A7-979CAEE6409B}.Release|Any CPU.ActiveCfg = Release|Any CPU
		{481A69E7-F24C-4A25-B0A7-979CAEE6409B}.Release|Any CPU.Build.0 = Release|Any CPU
		{E739E596-CFEF-4830-A87A-BD83AD8ACD7A}.Debug|Any CPU.ActiveCfg = Debug|Any CPU
		{E739E596-CFEF-4830-A87A-BD83AD8ACD7A}.Debug|Any CPU.Build.0 = Debug|Any CPU
		{E739E596-CFEF-4830-A87A-BD83AD8ACD7A}.Release|Any CPU.ActiveCfg = Release|Any CPU
		{E739E596-CFEF-4830-A87A-BD83AD8ACD7A}.Release|Any CPU.Build.0 = Release|Any CPU
	EndGlobalSection
	GlobalSection(SolutionProperties) = preSolution
		HideSolutionNode = FALSE
	EndGlobalSection
	GlobalSection(ExtensibilityGlobals) = postSolution
		SolutionGuid = {E2D2685A-2553-4D82-9EDB-3E1AFC002220}
	EndGlobalSection
EndGlobal
